
Microsoft Visual Studio Solution File, Format Version 12.00
# Visual Studio Version 16
VisualStudioVersion = 16.0.30611.23
MinimumVisualStudioVersion = 10.0.40219.1
Project("{8BC9CEB8-8B4A-11D0-8D11-00A0C91BC942}") = "Lab6.3iter", "Lab6.3iter.vcxproj", "{309A424D-B94B-4AD3-BAED-A722EF7BBE35}"
EndProject
Project("{8BC9CEB8-8B4A-11D0-8D11-00A0C91BC942}") = "UnitTest6.3iter", "..\UnitTest6.3iter\UnitTest6.3iter.vcxproj", "{7711C171-B932-4201-91CA-8F2B1C32F859}"
EndProject
Global
	GlobalSection(SolutionConfigurationPlatforms) = preSolution
		Debug|x64 = Debug|x64
		Debug|x86 = Debug|x86
		Release|x64 = Release|x64
		Release|x86 = Release|x86
	EndGlobalSection
	GlobalSection(ProjectConfigurationPlatforms) = postSolution
		{309A424D-B94B-4AD3-BAED-A722EF7BBE35}.Debug|x64.ActiveCfg = Debug|x64
		{309A424D-B94B-4AD3-BAED-A722EF7BBE35}.Debug|x64.Build.0 = Debug|x64
		{309A424D-B94B-4AD3-BAED-A722EF7BBE35}.Debug|x86.ActiveCfg = Debug|Win32
		{309A424D-B94B-4AD3-BAED-A722EF7BBE35}.Debug|x86.Build.0 = Debug|Win32
		{309A424D-B94B-4AD3-BAED-A722EF7BBE35}.Release|x64.ActiveCfg = Release|x64
		{309A424D-B94B-4AD3-BAED-A722EF7BBE35}.Release|x64.Build.0 = Release|x64
		{309A424D-B94B-4AD3-BAED-A722EF7BBE35}.Release|x86.ActiveCfg = Release|Win32
		{309A424D-B94B-4AD3-BAED-A722EF7BBE35}.Release|x86.Build.0 = Release|Win32
		{7711C171-B932-4201-91CA-8F2B1C32F859}.Debug|x64.ActiveCfg = Debug|x64
		{7711C171-B932-4201-91CA-8F2B1C32F859}.Debug|x64.Build.0 = Debug|x64
		{7711C171-B932-4201-91CA-8F2B1C32F859}.Debug|x86.ActiveCfg = Debug|Win32
		{7711C171-B932-4201-91CA-8F2B1C32F859}.Debug|x86.Build.0 = Debug|Win32
		{7711C171-B932-4201-91CA-8F2B1C32F859}.Release|x64.ActiveCfg = Release|x64
		{7711C171-B932-4201-91CA-8F2B1C32F859}.Release|x64.Build.0 = Release|x64
		{7711C171-B932-4201-91CA-8F2B1C32F859}.Release|x86.ActiveCfg = Release|Win32
		{7711C171-B932-4201-91CA-8F2B1C32F859}.Release|x86.Build.0 = Release|Win32
	EndGlobalSection
	GlobalSection(SolutionProperties) = preSolution
		HideSolutionNode = FALSE
	EndGlobalSection
	GlobalSection(ExtensibilityGlobals) = postSolution
		SolutionGuid = {9B6948EE-9182-4BDA-807A-01DE34FEB85B}
	EndGlobalSection
EndGlobal
